
Microsoft Visual Studio Solution File, Format Version 12.00
# Visual Studio Version 17
VisualStudioVersion = 17.0.31903.59
MinimumVisualStudioVersion = 10.0.40219.1
Project("{2150E333-8FDC-42A3-9474-1A3956D46DE8}") = "src", "src", "{827E0CD3-B72D-47B6-A68D-7590B98EB39B}"
EndProject
Project("{FAE04EC0-301F-11D3-BF4B-00C04F79EFBC}") = "RemoteControl.Core", "src\RemoteControl.Core\RemoteControl.Core.csproj", "{1A678345-AF1F-4397-8046-CE3EC8EB6651}"
EndProject
Project("{FAE04EC0-301F-11D3-BF4B-00C04F79EFBC}") = "RemoteControl.Services", "src\RemoteControl.Services\RemoteControl.Services.csproj", "{B7AAB1AC-D9E9-4877-8EDB-7DF8C18586A4}"
EndProject
Project("{FAE04EC0-301F-11D3-BF4B-00C04F79EFBC}") = "RemoteControl.Viewer", "src\RemoteControl.Viewer\RemoteControl.Viewer.csproj", "{753398B2-D4FF-4A68-ADA4-D920C6D00793}"
EndProject
Project("{FAE04EC0-301F-11D3-BF4B-00C04F79EFBC}") = "RemoteControl.Agent", "src\RemoteControl.Agent\RemoteControl.Agent.csproj", "{B5D65FE7-A6A5-49C7-9720-7B063E169DFB}"
EndProject
Project("{FAE04EC0-301F-11D3-BF4B-00C04F79EFBC}") = "RemoteControl.Admin", "src\RemoteControl.Admin\RemoteControl.Admin.csproj", "{980E4CA4-C1BD-41C0-92F0-575048B84EF2}"
EndProject
Project("{2150E333-8FDC-42A3-9474-1A3956D46DE8}") = "tests", "tests", "{0AB3BF05-4346-4AA6-1389-037BE0695223}"
EndProject
Project("{FAE04EC0-301F-11D3-BF4B-00C04F79EFBC}") = "RemoteControl.Viewer.Tests", "tests\RemoteControl.Viewer.Tests\RemoteControl.Viewer.Tests.csproj", "{F0171206-A5D6-472D-84FC-7F4215F0CAB7}"
EndProject
Project("{FAE04EC0-301F-11D3-BF4B-00C04F79EFBC}") = "RemoteControl.Agent.Tests", "tests\RemoteControl.Agent.Tests\RemoteControl.Agent.Tests.csproj", "{7A673A0F-C2F6-4A01-B941-8BE2268F505E}"
EndProject
Project("{FAE04EC0-301F-11D3-BF4B-00C04F79EFBC}") = "RemoteControl.Services.Tests", "tests\RemoteControl.Services.Tests\RemoteControl.Services.Tests.csproj", "{8E759289-F311-4521-AE7A-BB4F6E8FACC4}"
EndProject
Project("{FAE04EC0-301F-11D3-BF4B-00C04F79EFBC}") = "RemoteControl.RegistryDemo", "src\RemoteControl.RegistryDemo\RemoteControl.RegistryDemo.csproj", "{5BD52431-D262-4154-9BD9-3EAFD6B639EC}"
EndProject
Project("{FAE04EC0-301F-11D3-BF4B-00C04F79EFBC}") = "RemoteControl.Protocol", "src\RemoteControl.Protocol\RemoteControl.Protocol.csproj", "{A1234567-1234-1234-1234-123456789ABC}"
EndProject
Project("{FAE04EC0-301F-11D3-BF4B-00C04F79EFBC}") = "RemoteControl.Transport", "src\RemoteControl.Transport\RemoteControl.Transport.csproj", "{B1234567-1234-1234-1234-123456789ABC}"
EndProject
Project("{FAE04EC0-301F-11D3-BF4B-00C04F79EFBC}") = "RemoteControl.ControlServer", "src\RemoteControl.ControlServer\RemoteControl.ControlServer.csproj", "{C1234567-1234-1234-1234-123456789ABC}"
EndProject
Project("{FAE04EC0-301F-11D3-BF4B-00C04F79EFBC}") = "RemoteControl.Tests", "tests\RemoteControl.Tests\RemoteControl.Tests.csproj", "{D1234567-1234-1234-1234-123456789ABC}"
EndProject
Global
	GlobalSection(SolutionConfigurationPlatforms) = preSolution
		Debug|Any CPU = Debug|Any CPU
		Debug|x64 = Debug|x64
		Debug|x86 = Debug|x86
		Release|Any CPU = Release|Any CPU
		Release|x64 = Release|x64
		Release|x86 = Release|x86
	EndGlobalSection
	GlobalSection(ProjectConfigurationPlatforms) = postSolution
		{1A678345-AF1F-4397-8046-CE3EC8EB6651}.Debug|Any CPU.ActiveCfg = Debug|Any CPU
		{1A678345-AF1F-4397-8046-CE3EC8EB6651}.Debug|Any CPU.Build.0 = Debug|Any CPU
		{1A678345-AF1F-4397-8046-CE3EC8EB6651}.Debug|x64.ActiveCfg = Debug|Any CPU
		{1A678345-AF1F-4397-8046-CE3EC8EB6651}.Debug|x64.Build.0 = Debug|Any CPU
		{1A678345-AF1F-4397-8046-CE3EC8EB6651}.Debug|x86.ActiveCfg = Debug|Any CPU
		{1A678345-AF1F-4397-8046-CE3EC8EB6651}.Debug|x86.Build.0 = Debug|Any CPU
		{1A678345-AF1F-4397-8046-CE3EC8EB6651}.Release|Any CPU.ActiveCfg = Release|Any CPU
		{1A678345-AF1F-4397-8046-CE3EC8EB6651}.Release|Any CPU.Build.0 = Release|Any CPU
		{1A678345-AF1F-4397-8046-CE3EC8EB6651}.Release|x64.ActiveCfg = Release|Any CPU
		{1A678345-AF1F-4397-8046-CE3EC8EB6651}.Release|x64.Build.0 = Release|Any CPU
		{1A678345-AF1F-4397-8046-CE3EC8EB6651}.Release|x86.ActiveCfg = Release|Any CPU
		{1A678345-AF1F-4397-8046-CE3EC8EB6651}.Release|x86.Build.0 = Release|Any CPU
		{B7AAB1AC-D9E9-4877-8EDB-7DF8C18586A4}.Debug|Any CPU.ActiveCfg = Debug|Any CPU
		{B7AAB1AC-D9E9-4877-8EDB-7DF8C18586A4}.Debug|Any CPU.Build.0 = Debug|Any CPU
		{B7AAB1AC-D9E9-4877-8EDB-7DF8C18586A4}.Debug|x64.ActiveCfg = Debug|Any CPU
		{B7AAB1AC-D9E9-4877-8EDB-7DF8C18586A4}.Debug|x64.Build.0 = Debug|Any CPU
		{B7AAB1AC-D9E9-4877-8EDB-7DF8C18586A4}.Debug|x86.ActiveCfg = Debug|Any CPU
		{B7AAB1AC-D9E9-4877-8EDB-7DF8C18586A4}.Debug|x86.Build.0 = Debug|Any CPU
		{B7AAB1AC-D9E9-4877-8EDB-7DF8C18586A4}.Release|Any CPU.ActiveCfg = Release|Any CPU
		{B7AAB1AC-D9E9-4877-8EDB-7DF8C18586A4}.Release|Any CPU.Build.0 = Release|Any CPU
		{B7AAB1AC-D9E9-4877-8EDB-7DF8C18586A4}.Release|x64.ActiveCfg = Release|Any CPU
		{B7AAB1AC-D9E9-4877-8EDB-7DF8C18586A4}.Release|x64.Build.0 = Release|Any CPU
		{B7AAB1AC-D9E9-4877-8EDB-7DF8C18586A4}.Release|x86.ActiveCfg = Release|Any CPU
		{B7AAB1AC-D9E9-4877-8EDB-7DF8C18586A4}.Release|x86.Build.0 = Release|Any CPU
		{753398B2-D4FF-4A68-ADA4-D920C6D00793}.Debug|Any CPU.ActiveCfg = Debug|Any CPU
		{753398B2-D4FF-4A68-ADA4-D920C6D00793}.Debug|Any CPU.Build.0 = Debug|Any CPU
		{753398B2-D4FF-4A68-ADA4-D920C6D00793}.Debug|x64.ActiveCfg = Debug|Any CPU
		{753398B2-D4FF-4A68-ADA4-D920C6D00793}.Debug|x64.Build.0 = Debug|Any CPU
		{753398B2-D4FF-4A68-ADA4-D920C6D00793}.Debug|x86.ActiveCfg = Debug|Any CPU
		{753398B2-D4FF-4A68-ADA4-D920C6D00793}.Debug|x86.Build.0 = Debug|Any CPU
		{753398B2-D4FF-4A68-ADA4-D920C6D00793}.Release|Any CPU.ActiveCfg = Release|Any CPU
		{753398B2-D4FF-4A68-ADA4-D920C6D00793}.Release|Any CPU.Build.0 = Release|Any CPU
		{753398B2-D4FF-4A68-ADA4-D920C6D00793}.Release|x64.ActiveCfg = Release|Any CPU
		{753398B2-D4FF-4A68-ADA4-D920C6D00793}.Release|x64.Build.0 = Release|Any CPU
		{753398B2-D4FF-4A68-ADA4-D920C6D00793}.Release|x86.ActiveCfg = Release|Any CPU
		{753398B2-D4FF-4A68-ADA4-D920C6D00793}.Release|x86.Build.0 = Release|Any CPU
		{B5D65FE7-A6A5-49C7-9720-7B063E169DFB}.Debug|Any CPU.ActiveCfg = Debug|Any CPU
		{B5D65FE7-A6A5-49C7-9720-7B063E169DFB}.Debug|Any CPU.Build.0 = Debug|Any CPU
		{B5D65FE7-A6A5-49C7-9720-7B063E169DFB}.Debug|x64.ActiveCfg = Debug|Any CPU
		{B5D65FE7-A6A5-49C7-9720-7B063E169DFB}.Debug|x64.Build.0 = Debug|Any CPU
		{B5D65FE7-A6A5-49C7-9720-7B063E169DFB}.Debug|x86.ActiveCfg = Debug|Any CPU
		{B5D65FE7-A6A5-49C7-9720-7B063E169DFB}.Debug|x86.Build.0 = Debug|Any CPU
		{B5D65FE7-A6A5-49C7-9720-7B063E169DFB}.Release|Any CPU.ActiveCfg = Release|Any CPU
		{B5D65FE7-A6A5-49C7-9720-7B063E169DFB}.Release|Any CPU.Build.0 = Release|Any CPU
		{B5D65FE7-A6A5-49C7-9720-7B063E169DFB}.Release|x64.ActiveCfg = Release|Any CPU
		{B5D65FE7-A6A5-49C7-9720-7B063E169DFB}.Release|x64.Build.0 = Release|Any CPU
		{B5D65FE7-A6A5-49C7-9720-7B063E169DFB}.Release|x86.ActiveCfg = Release|Any CPU
		{B5D65FE7-A6A5-49C7-9720-7B063E169DFB}.Release|x86.Build.0 = Release|Any CPU
		{980E4CA4-C1BD-41C0-92F0-575048B84EF2}.Debug|Any CPU.ActiveCfg = Debug|Any CPU
		{980E4CA4-C1BD-41C0-92F0-575048B84EF2}.Debug|Any CPU.Build.0 = Debug|Any CPU
		{980E4CA4-C1BD-41C0-92F0-575048B84EF2}.Debug|x64.ActiveCfg = Debug|Any CPU
		{980E4CA4-C1BD-41C0-92F0-575048B84EF2}.Debug|x64.Build.0 = Debug|Any CPU
		{980E4CA4-C1BD-41C0-92F0-575048B84EF2}.Debug|x86.ActiveCfg = Debug|Any CPU
		{980E4CA4-C1BD-41C0-92F0-575048B84EF2}.Debug|x86.Build.0 = Debug|Any CPU
		{980E4CA4-C1BD-41C0-92F0-575048B84EF2}.Release|Any CPU.ActiveCfg = Release|Any CPU
		{980E4CA4-C1BD-41C0-92F0-575048B84EF2}.Release|Any CPU.Build.0 = Release|Any CPU
		{980E4CA4-C1BD-41C0-92F0-575048B84EF2}.Release|x64.ActiveCfg = Release|Any CPU
		{980E4CA4-C1BD-41C0-92F0-575048B84EF2}.Release|x64.Build.0 = Release|Any CPU
		{980E4CA4-C1BD-41C0-92F0-575048B84EF2}.Release|x86.ActiveCfg = Release|Any CPU
		{980E4CA4-C1BD-41C0-92F0-575048B84EF2}.Release|x86.Build.0 = Release|Any CPU
		{F0171206-A5D6-472D-84FC-7F4215F0CAB7}.Debug|Any CPU.ActiveCfg = Debug|Any CPU
		{F0171206-A5D6-472D-84FC-7F4215F0CAB7}.Debug|Any CPU.Build.0 = Debug|Any CPU
		{F0171206-A5D6-472D-84FC-7F4215F0CAB7}.Debug|x64.ActiveCfg = Debug|Any CPU
		{F0171206-A5D6-472D-84FC-7F4215F0CAB7}.Debug|x64.Build.0 = Debug|Any CPU
		{F0171206-A5D6-472D-84FC-7F4215F0CAB7}.Debug|x86.ActiveCfg = Debug|Any CPU
		{F0171206-A5D6-472D-84FC-7F4215F0CAB7}.Debug|x86.Build.0 = Debug|Any CPU
		{F0171206-A5D6-472D-84FC-7F4215F0CAB7}.Release|Any CPU.ActiveCfg = Release|Any CPU
		{F0171206-A5D6-472D-84FC-7F4215F0CAB7}.Release|Any CPU.Build.0 = Release|Any CPU
		{F0171206-A5D6-472D-84FC-7F4215F0CAB7}.Release|x64.ActiveCfg = Release|Any CPU
		{F0171206-A5D6-472D-84FC-7F4215F0CAB7}.Release|x64.Build.0 = Release|Any CPU
		{F0171206-A5D6-472D-84FC-7F4215F0CAB7}.Release|x86.ActiveCfg = Release|Any CPU
		{F0171206-A5D6-472D-84FC-7F4215F0CAB7}.Release|x86.Build.0 = Release|Any CPU
		{7A673A0F-C2F6-4A01-B941-8BE2268F505E}.Debug|Any CPU.ActiveCfg = Debug|Any CPU
		{7A673A0F-C2F6-4A01-B941-8BE2268F505E}.Debug|Any CPU.Build.0 = Debug|Any CPU
		{7A673A0F-C2F6-4A01-B941-8BE2268F505E}.Debug|x64.ActiveCfg = Debug|Any CPU
		{7A673A0F-C2F6-4A01-B941-8BE2268F505E}.Debug|x64.Build.0 = Debug|Any CPU
		{7A673A0F-C2F6-4A01-B941-8BE2268F505E}.Debug|x86.ActiveCfg = Debug|Any CPU
		{7A673A0F-C2F6-4A01-B941-8BE2268F505E}.Debug|x86.Build.0 = Debug|Any CPU
		{7A673A0F-C2F6-4A01-B941-8BE2268F505E}.Release|Any CPU.ActiveCfg = Release|Any CPU
		{7A673A0F-C2F6-4A01-B941-8BE2268F505E}.Release|Any CPU.Build.0 = Release|Any CPU
		{7A673A0F-C2F6-4A01-B941-8BE2268F505E}.Release|x64.ActiveCfg = Release|Any CPU
		{7A673A0F-C2F6-4A01-B941-8BE2268F505E}.Release|x64.Build.0 = Release|Any CPU
		{7A673A0F-C2F6-4A01-B941-8BE2268F505E}.Release|x86.ActiveCfg = Release|Any CPU
		{7A673A0F-C2F6-4A01-B941-8BE2268F505E}.Release|x86.Build.0 = Release|Any CPU
		{8E759289-F311-4521-AE7A-BB4F6E8FACC4}.Debug|Any CPU.ActiveCfg = Debug|Any CPU
		{8E759289-F311-4521-AE7A-BB4F6E8FACC4}.Debug|Any CPU.Build.0 = Debug|Any CPU
		{8E759289-F311-4521-AE7A-BB4F6E8FACC4}.Debug|x64.ActiveCfg = Debug|Any CPU
		{8E759289-F311-4521-AE7A-BB4F6E8FACC4}.Debug|x64.Build.0 = Debug|Any CPU
		{8E759289-F311-4521-AE7A-BB4F6E8FACC4}.Debug|x86.ActiveCfg = Debug|Any CPU
		{8E759289-F311-4521-AE7A-BB4F6E8FACC4}.Debug|x86.Build.0 = Debug|Any CPU
		{8E759289-F311-4521-AE7A-BB4F6E8FACC4}.Release|Any CPU.ActiveCfg = Release|Any CPU
		{8E759289-F311-4521-AE7A-BB4F6E8FACC4}.Release|Any CPU.Build.0 = Release|Any CPU
		{8E759289-F311-4521-AE7A-BB4F6E8FACC4}.Release|x64.ActiveCfg = Release|Any CPU
		{8E759289-F311-4521-AE7A-BB4F6E8FACC4}.Release|x64.Build.0 = Release|Any CPU
		{8E759289-F311-4521-AE7A-BB4F6E8FACC4}.Release|x86.ActiveCfg = Release|Any CPU
		{8E759289-F311-4521-AE7A-BB4F6E8FACC4}.Release|x86.Build.0 = Release|Any CPU
		{5BD52431-D262-4154-9BD9-3EAFD6B639EC}.Debug|Any CPU.ActiveCfg = Debug|Any CPU
		{5BD52431-D262-4154-9BD9-3EAFD6B639EC}.Debug|Any CPU.Build.0 = Debug|Any CPU
		{5BD52431-D262-4154-9BD9-3EAFD6B639EC}.Debug|x64.ActiveCfg = Debug|Any CPU
		{5BD52431-D262-4154-9BD9-3EAFD6B639EC}.Debug|x64.Build.0 = Debug|Any CPU
		{5BD52431-D262-4154-9BD9-3EAFD6B639EC}.Debug|x86.ActiveCfg = Debug|Any CPU
		{5BD52431-D262-4154-9BD9-3EAFD6B639EC}.Debug|x86.Build.0 = Debug|Any CPU
		{5BD52431-D262-4154-9BD9-3EAFD6B639EC}.Release|Any CPU.ActiveCfg = Release|Any CPU
		{5BD52431-D262-4154-9BD9-3EAFD6B639EC}.Release|Any CPU.Build.0 = Release|Any CPU
		{5BD52431-D262-4154-9BD9-3EAFD6B639EC}.Release|x64.ActiveCfg = Release|Any CPU
		{5BD52431-D262-4154-9BD9-3EAFD6B639EC}.Release|x64.Build.0 = Release|Any CPU
		{5BD52431-D262-4154-9BD9-3EAFD6B639EC}.Release|x86.ActiveCfg = Release|Any CPU
		{5BD52431-D262-4154-9BD9-3EAFD6B639EC}.Release|x86.Build.0 = Release|Any CPU
	EndGlobalSection
	GlobalSection(SolutionProperties) = preSolution
		HideSolutionNode = FALSE
	EndGlobalSection
	GlobalSection(NestedProjects) = preSolution
		{1A678345-AF1F-4397-8046-CE3EC8EB6651} = {827E0CD3-B72D-47B6-A68D-7590B98EB39B}
		{B7AAB1AC-D9E9-4877-8EDB-7DF8C18586A4} = {827E0CD3-B72D-47B6-A68D-7590B98EB39B}
		{753398B2-D4FF-4A68-ADA4-D920C6D00793} = {827E0CD3-B72D-47B6-A68D-7590B98EB39B}
		{B5D65FE7-A6A5-49C7-9720-7B063E169DFB} = {827E0CD3-B72D-47B6-A68D-7590B98EB39B}
		{980E4CA4-C1BD-41C0-92F0-575048B84EF2} = {827E0CD3-B72D-47B6-A68D-7590B98EB39B}
		{F0171206-A5D6-472D-84FC-7F4215F0CAB7} = {0AB3BF05-4346-4AA6-1389-037BE0695223}
		{7A673A0F-C2F6-4A01-B941-8BE2268F505E} = {0AB3BF05-4346-4AA6-1389-037BE0695223}
		{8E759289-F311-4521-AE7A-BB4F6E8FACC4} = {0AB3BF05-4346-4AA6-1389-037BE0695223}
		{5BD52431-D262-4154-9BD9-3EAFD6B639EC} = {827E0CD3-B72D-47B6-A68D-7590B98EB39B}
	EndGlobalSection
EndGlobal
